
Microsoft Visual Studio Solution File, Format Version 12.00
# Visual Studio Version 17
VisualStudioVersion = 17.4.33122.133
MinimumVisualStudioVersion = 10.0.40219.1
Project("{FAE04EC0-301F-11D3-BF4B-00C04F79EFBC}") = "steganography", "steganography\steganography.csproj", "{51AFDF5D-28E8-431D-B9CC-201E7BF3BEFC}"
EndProject
Global
	GlobalSection(SolutionConfigurationPlatforms) = preSolution
		Debug|Any CPU = Debug|Any CPU
		Release|Any CPU = Release|Any CPU
	EndGlobalSection
	GlobalSection(ProjectConfigurationPlatforms) = postSolution
		{51AFDF5D-28E8-431D-B9CC-201E7BF3BEFC}.Debug|Any CPU.ActiveCfg = Debug|Any CPU
		{51AFDF5D-28E8-431D-B9CC-201E7BF3BEFC}.Debug|Any CPU.Build.0 = Debug|Any CPU
		{51AFDF5D-28E8-431D-B9CC-201E7BF3BEFC}.Release|Any CPU.ActiveCfg = Release|Any CPU
		{51AFDF5D-28E8-431D-B9CC-201E7BF3BEFC}.Release|Any CPU.Build.0 = Release|Any CPU
	EndGlobalSection
	GlobalSection(SolutionProperties) = preSolution
		HideSolutionNode = FALSE
	EndGlobalSection
	GlobalSection(ExtensibilityGlobals) = postSolution
		SolutionGuid = {647B349A-0A7E-4096-B522-EB8C7ED40143}
	EndGlobalSection
EndGlobal
